
Microsoft Visual Studio Solution File, Format Version 12.00
# Visual Studio 15
VisualStudioVersion = 15.0.28307.168
MinimumVisualStudioVersion = 10.0.40219.1
Project("{FAE04EC0-301F-11D3-BF4B-00C04F79EFBC}") = "lab_01_test", "lab_01_test\lab_01_test.csproj", "{B1B31D84-8B4B-49BE-BFFC-7F0ADC7F2B71}"
EndProject
Project("{FAE04EC0-301F-11D3-BF4B-00C04F79EFBC}") = "lab_02_oop", "lab_02_oop\lab_02_oop.csproj", "{E26D8B9D-A469-4E81-BF60-BDDA26083764}"
EndProject
Project("{FAE04EC0-301F-11D3-BF4B-00C04F79EFBC}") = "lab_03_oop", "lab_03_oop\lab_03_oop.csproj", "{8FEC87E9-9DEB-4F3F-A1AB-B2D1EED6EE5C}"
EndProject
Project("{FAE04EC0-301F-11D3-BF4B-00C04F79EFBC}") = "lab_04_array", "lab_04_array\lab_04_array.csproj", "{0290BDBC-4D22-4FC7-A032-BC301AAAB051}"
EndProject
Project("{FAE04EC0-301F-11D3-BF4B-00C04F79EFBC}") = "lab_04_array_test", "lab_04_array_test\lab_04_array_test.csproj", "{FDCE21EB-0F4B-457B-85BF-546EBA73CB47}"
EndProject
Project("{FAE04EC0-301F-11D3-BF4B-00C04F79EFBC}") = "lab_05_collections", "lab_05_collections\lab_05_collections.csproj", "{B3B63B8B-FC8D-4705-B085-9021E928F590}"
EndProject
Project("{2150E333-8FDC-42A3-9474-1A3956D46DE8}") = "Solution Items", "Solution Items", "{0B3FD004-4DDA-4213-8D1F-32BFD9C38700}"
	ProjectSection(SolutionItems) = preProject
		.gitignore = .gitignore
	EndProjectSection
EndProject
Project("{FAE04EC0-301F-11D3-BF4B-00C04F79EFBC}") = "lab_06_wpf", "lab_06_wpf\lab_06_wpf.csproj", "{2C3B94FC-DFA1-47E5-A194-2D1E3CA9301C}"
EndProject
Project("{FAE04EC0-301F-11D3-BF4B-00C04F79EFBC}") = "lab_07_files", "lab_07_files\lab_07_files.csproj", "{895434E8-A75D-4BBF-9A1F-7387182C20B2}"
EndProject
Project("{FAE04EC0-301F-11D3-BF4B-00C04F79EFBC}") = "lab_08_files", "lab_08_files\lab_08_files.csproj", "{E238FCBF-27E8-459B-853A-EC0879AD3057}"
EndProject
Project("{FAE04EC0-301F-11D3-BF4B-00C04F79EFBC}") = "lab_101_speed-typing-01", "speed-typing-01\lab_101_speed-typing-01.csproj", "{AF2494B7-93DA-4863-8368-0A6F5AA7D8F5}"
EndProject
Project("{FAE04EC0-301F-11D3-BF4B-00C04F79EFBC}") = "lab_103_person-generator-01-no-timer", "person-generator-01\lab_103_person-generator-01-no-timer.csproj", "{7A2E1160-7B95-4421-B7AD-3596827897D5}"
EndProject
Project("{FAE04EC0-301F-11D3-BF4B-00C04F79EFBC}") = "lab_104_array_list_queue_stack_dict_01", "lab_104_array_list_queue_stack_dict_01\lab_104_array_list_queue_stack_dict_01.csproj", "{7E438C8E-BA8D-4221-A5D8-20AA05FE6314}"
EndProject
Project("{FAE04EC0-301F-11D3-BF4B-00C04F79EFBC}") = "lab_104_array_list_queue_stack_dict_02", "lab_104_array_list_queue_stack_dict_02\lab_104_array_list_queue_stack_dict_02.csproj", "{2826D870-8E95-48A6-B4E4-DEE9FEE2700F}"
EndProject
Project("{FAE04EC0-301F-11D3-BF4B-00C04F79EFBC}") = "lab_09_xml", "lab_09_xml\lab_09_xml.csproj", "{D4067F19-E630-4604-9F70-A0847122DF72}"
EndProject
Project("{FAE04EC0-301F-11D3-BF4B-00C04F79EFBC}") = "lab_102_speed_typing_GUI_01", "lab_102_speed_typing_GUI_01\lab_102_speed_typing_GUI_01.csproj", "{0914012B-948D-471A-A6B3-EE34CDFBD033}"
EndProject
Project("{FAE04EC0-301F-11D3-BF4B-00C04F79EFBC}") = "lab_103_production_line_01", "lab_103_production_line_01\lab_103_production_line_01.csproj", "{FBB92DB0-47ED-4566-A051-19271479D230}"
EndProject
Project("{FAE04EC0-301F-11D3-BF4B-00C04F79EFBC}") = "lab_105_game_name_and_score_01", "lab_105_game_name_and_score_01\lab_105_game_name_and_score_01.csproj", "{E1E030A2-8F87-43A3-B39C-3EBB87407BEA}"
EndProject
Project("{FAE04EC0-301F-11D3-BF4B-00C04F79EFBC}") = "lab_106_game_increase_score_01", "lab_106_game_increase_score_01\lab_106_game_increase_score_01.csproj", "{CFCF0413-6BF1-4C94-8E2F-9002722B7FD7}"
EndProject
Project("{FAE04EC0-301F-11D3-BF4B-00C04F79EFBC}") = "lab_107_list_folders_01", "lab_107_list_folders_01\lab_107_list_folders_01.csproj", "{2123D7A7-FE99-4BE4-AA77-7CA53F8B2DAF}"
EndProject
Project("{FAE04EC0-301F-11D3-BF4B-00C04F79EFBC}") = "lab_108_list_files_and_folders_01", "lab_108_list_files_and_folders_01\lab_108_list_files_and_folders_01.csproj", "{49E16F90-20BA-4DEA-BF43-FEBA17A44755}"
EndProject
Project("{FAE04EC0-301F-11D3-BF4B-00C04F79EFBC}") = "lab_109_new_file_with_content_01", "lab_109_new_file_with_content_01\lab_109_new_file_with_content_01.csproj", "{898AD059-8D29-494B-B660-6C82D21B96A7}"
EndProject
Project("{FAE04EC0-301F-11D3-BF4B-00C04F79EFBC}") = "lab_10_entity", "lab_10_entity\lab_10_entity.csproj", "{09E151BB-991F-4066-9AEB-C71B6E0E1B33}"
EndProject
Project("{FAE04EC0-301F-11D3-BF4B-00C04F79EFBC}") = "lab_112_collections", "lab_112_collections\lab_112_collections.csproj", "{F049F53E-4E6D-4E3D-AB6A-2E8E33DBDF98}"
EndProject
Project("{FAE04EC0-301F-11D3-BF4B-00C04F79EFBC}") = "Labs_Test", "Labs_Test\Labs_Test.csproj", "{B072374B-F067-46FB-BAE9-9F4ECB266F84}"
EndProject
Project("{FAE04EC0-301F-11D3-BF4B-00C04F79EFBC}") = "lab_11_Entity_GUI2", "lab_11_Entity_GUI2\lab_11_Entity_GUI2.csproj", "{81A93774-E352-474F-89AA-A708C50D5EAC}"
EndProject
Project("{FAE04EC0-301F-11D3-BF4B-00C04F79EFBC}") = "lab_12_OOP_Revision", "lab_12_OOP_Revision\lab_12_OOP_Revision.csproj", "{A8DCCAEB-F199-437F-B2AA-CBE8EB96C9F4}"
EndProject
Project("{FAE04EC0-301F-11D3-BF4B-00C04F79EFBC}") = "lab_13_Polymorphism", "lab_13_Polymorphism\lab_13_Polymorphism.csproj", "{B0BAD861-FB21-4B4B-B325-3076B5E19D91}"
EndProject
Project("{FAE04EC0-301F-11D3-BF4B-00C04F79EFBC}") = "lab_113_arraylist", "lab_113_arraylist\lab_113_arraylist.csproj", "{3BD3BCF6-76CE-4796-B14F-F98D6EA51DFE}"
EndProject
Project("{FAE04EC0-301F-11D3-BF4B-00C04F79EFBC}") = "lab_14_OOP", "lab_14_OOP\lab_14_OOP.csproj", "{2D797160-A961-4D61-BCDF-63378DF5F447}"
EndProject
Project("{FAE04EC0-301F-11D3-BF4B-00C04F79EFBC}") = "Lab_114_OOP_Entity_From_Scratch", "Lab_114_OOP_Entity_From_Scratch\Lab_114_OOP_Entity_From_Scratch.csproj", "{02974507-8608-4D99-AE1F-0CD18A84E8D7}"
EndProject
Project("{FAE04EC0-301F-11D3-BF4B-00C04F79EFBC}") = "lab_115_Northwind_Entity_With_OOP", "lab_115_Northwind_Entity_With_OOP\lab_115_Northwind_Entity_With_OOP.csproj", "{E40746D8-3874-49B5-BB5C-D13F303B2578}"
EndProject
Global
	GlobalSection(SolutionConfigurationPlatforms) = preSolution
		Debug|Any CPU = Debug|Any CPU
		Release|Any CPU = Release|Any CPU
	EndGlobalSection
	GlobalSection(ProjectConfigurationPlatforms) = postSolution
		{B1B31D84-8B4B-49BE-BFFC-7F0ADC7F2B71}.Debug|Any CPU.ActiveCfg = Debug|Any CPU
		{B1B31D84-8B4B-49BE-BFFC-7F0ADC7F2B71}.Debug|Any CPU.Build.0 = Debug|Any CPU
		{B1B31D84-8B4B-49BE-BFFC-7F0ADC7F2B71}.Release|Any CPU.ActiveCfg = Release|Any CPU
		{B1B31D84-8B4B-49BE-BFFC-7F0ADC7F2B71}.Release|Any CPU.Build.0 = Release|Any CPU
		{E26D8B9D-A469-4E81-BF60-BDDA26083764}.Debug|Any CPU.ActiveCfg = Debug|Any CPU
		{E26D8B9D-A469-4E81-BF60-BDDA26083764}.Debug|Any CPU.Build.0 = Debug|Any CPU
		{E26D8B9D-A469-4E81-BF60-BDDA26083764}.Release|Any CPU.ActiveCfg = Release|Any CPU
		{E26D8B9D-A469-4E81-BF60-BDDA26083764}.Release|Any CPU.Build.0 = Release|Any CPU
		{8FEC87E9-9DEB-4F3F-A1AB-B2D1EED6EE5C}.Debug|Any CPU.ActiveCfg = Debug|Any CPU
		{8FEC87E9-9DEB-4F3F-A1AB-B2D1EED6EE5C}.Debug|Any CPU.Build.0 = Debug|Any CPU
		{8FEC87E9-9DEB-4F3F-A1AB-B2D1EED6EE5C}.Release|Any CPU.ActiveCfg = Release|Any CPU
		{8FEC87E9-9DEB-4F3F-A1AB-B2D1EED6EE5C}.Release|Any CPU.Build.0 = Release|Any CPU
		{0290BDBC-4D22-4FC7-A032-BC301AAAB051}.Debug|Any CPU.ActiveCfg = Debug|Any CPU
		{0290BDBC-4D22-4FC7-A032-BC301AAAB051}.Debug|Any CPU.Build.0 = Debug|Any CPU
		{0290BDBC-4D22-4FC7-A032-BC301AAAB051}.Release|Any CPU.ActiveCfg = Release|Any CPU
		{0290BDBC-4D22-4FC7-A032-BC301AAAB051}.Release|Any CPU.Build.0 = Release|Any CPU
		{FDCE21EB-0F4B-457B-85BF-546EBA73CB47}.Debug|Any CPU.ActiveCfg = Debug|Any CPU
		{FDCE21EB-0F4B-457B-85BF-546EBA73CB47}.Debug|Any CPU.Build.0 = Debug|Any CPU
		{FDCE21EB-0F4B-457B-85BF-546EBA73CB47}.Release|Any CPU.ActiveCfg = Release|Any CPU
		{FDCE21EB-0F4B-457B-85BF-546EBA73CB47}.Release|Any CPU.Build.0 = Release|Any CPU
		{B3B63B8B-FC8D-4705-B085-9021E928F590}.Debug|Any CPU.ActiveCfg = Debug|Any CPU
		{B3B63B8B-FC8D-4705-B085-9021E928F590}.Debug|Any CPU.Build.0 = Debug|Any CPU
		{B3B63B8B-FC8D-4705-B085-9021E928F590}.Release|Any CPU.ActiveCfg = Release|Any CPU
		{B3B63B8B-FC8D-4705-B085-9021E928F590}.Release|Any CPU.Build.0 = Release|Any CPU
		{2C3B94FC-DFA1-47E5-A194-2D1E3CA9301C}.Debug|Any CPU.ActiveCfg = Debug|Any CPU
		{2C3B94FC-DFA1-47E5-A194-2D1E3CA9301C}.Debug|Any CPU.Build.0 = Debug|Any CPU
		{2C3B94FC-DFA1-47E5-A194-2D1E3CA9301C}.Release|Any CPU.ActiveCfg = Release|Any CPU
		{2C3B94FC-DFA1-47E5-A194-2D1E3CA9301C}.Release|Any CPU.Build.0 = Release|Any CPU
		{895434E8-A75D-4BBF-9A1F-7387182C20B2}.Debug|Any CPU.ActiveCfg = Debug|Any CPU
		{895434E8-A75D-4BBF-9A1F-7387182C20B2}.Debug|Any CPU.Build.0 = Debug|Any CPU
		{895434E8-A75D-4BBF-9A1F-7387182C20B2}.Release|Any CPU.ActiveCfg = Release|Any CPU
		{895434E8-A75D-4BBF-9A1F-7387182C20B2}.Release|Any CPU.Build.0 = Release|Any CPU
		{E238FCBF-27E8-459B-853A-EC0879AD3057}.Debug|Any CPU.ActiveCfg = Debug|Any CPU
		{E238FCBF-27E8-459B-853A-EC0879AD3057}.Debug|Any CPU.Build.0 = Debug|Any CPU
		{E238FCBF-27E8-459B-853A-EC0879AD3057}.Release|Any CPU.ActiveCfg = Release|Any CPU
		{E238FCBF-27E8-459B-853A-EC0879AD3057}.Release|Any CPU.Build.0 = Release|Any CPU
		{AF2494B7-93DA-4863-8368-0A6F5AA7D8F5}.Debug|Any CPU.ActiveCfg = Debug|Any CPU
		{AF2494B7-93DA-4863-8368-0A6F5AA7D8F5}.Debug|Any CPU.Build.0 = Debug|Any CPU
		{AF2494B7-93DA-4863-8368-0A6F5AA7D8F5}.Release|Any CPU.ActiveCfg = Release|Any CPU
		{AF2494B7-93DA-4863-8368-0A6F5AA7D8F5}.Release|Any CPU.Build.0 = Release|Any CPU
		{7A2E1160-7B95-4421-B7AD-3596827897D5}.Debug|Any CPU.ActiveCfg = Debug|Any CPU
		{7A2E1160-7B95-4421-B7AD-3596827897D5}.Debug|Any CPU.Build.0 = Debug|Any CPU
		{7A2E1160-7B95-4421-B7AD-3596827897D5}.Release|Any CPU.ActiveCfg = Release|Any CPU
		{7A2E1160-7B95-4421-B7AD-3596827897D5}.Release|Any CPU.Build.0 = Release|Any CPU
		{7E438C8E-BA8D-4221-A5D8-20AA05FE6314}.Debug|Any CPU.ActiveCfg = Debug|Any CPU
		{7E438C8E-BA8D-4221-A5D8-20AA05FE6314}.Debug|Any CPU.Build.0 = Debug|Any CPU
		{7E438C8E-BA8D-4221-A5D8-20AA05FE6314}.Release|Any CPU.ActiveCfg = Release|Any CPU
		{7E438C8E-BA8D-4221-A5D8-20AA05FE6314}.Release|Any CPU.Build.0 = Release|Any CPU
		{2826D870-8E95-48A6-B4E4-DEE9FEE2700F}.Debug|Any CPU.ActiveCfg = Debug|Any CPU
		{2826D870-8E95-48A6-B4E4-DEE9FEE2700F}.Debug|Any CPU.Build.0 = Debug|Any CPU
		{2826D870-8E95-48A6-B4E4-DEE9FEE2700F}.Release|Any CPU.ActiveCfg = Release|Any CPU
		{2826D870-8E95-48A6-B4E4-DEE9FEE2700F}.Release|Any CPU.Build.0 = Release|Any CPU
		{D4067F19-E630-4604-9F70-A0847122DF72}.Debug|Any CPU.ActiveCfg = Debug|Any CPU
		{D4067F19-E630-4604-9F70-A0847122DF72}.Debug|Any CPU.Build.0 = Debug|Any CPU
		{D4067F19-E630-4604-9F70-A0847122DF72}.Release|Any CPU.ActiveCfg = Release|Any CPU
		{D4067F19-E630-4604-9F70-A0847122DF72}.Release|Any CPU.Build.0 = Release|Any CPU
		{0914012B-948D-471A-A6B3-EE34CDFBD033}.Debug|Any CPU.ActiveCfg = Debug|Any CPU
		{0914012B-948D-471A-A6B3-EE34CDFBD033}.Debug|Any CPU.Build.0 = Debug|Any CPU
		{0914012B-948D-471A-A6B3-EE34CDFBD033}.Release|Any CPU.ActiveCfg = Release|Any CPU
		{0914012B-948D-471A-A6B3-EE34CDFBD033}.Release|Any CPU.Build.0 = Release|Any CPU
		{FBB92DB0-47ED-4566-A051-19271479D230}.Debug|Any CPU.ActiveCfg = Debug|Any CPU
		{FBB92DB0-47ED-4566-A051-19271479D230}.Debug|Any CPU.Build.0 = Debug|Any CPU
		{FBB92DB0-47ED-4566-A051-19271479D230}.Release|Any CPU.ActiveCfg = Release|Any CPU
		{FBB92DB0-47ED-4566-A051-19271479D230}.Release|Any CPU.Build.0 = Release|Any CPU
		{E1E030A2-8F87-43A3-B39C-3EBB87407BEA}.Debug|Any CPU.ActiveCfg = Debug|Any CPU
		{E1E030A2-8F87-43A3-B39C-3EBB87407BEA}.Debug|Any CPU.Build.0 = Debug|Any CPU
		{E1E030A2-8F87-43A3-B39C-3EBB87407BEA}.Release|Any CPU.ActiveCfg = Release|Any CPU
		{E1E030A2-8F87-43A3-B39C-3EBB87407BEA}.Release|Any CPU.Build.0 = Release|Any CPU
		{CFCF0413-6BF1-4C94-8E2F-9002722B7FD7}.Debug|Any CPU.ActiveCfg = Debug|Any CPU
		{CFCF0413-6BF1-4C94-8E2F-9002722B7FD7}.Debug|Any CPU.Build.0 = Debug|Any CPU
		{CFCF0413-6BF1-4C94-8E2F-9002722B7FD7}.Release|Any CPU.ActiveCfg = Release|Any CPU
		{CFCF0413-6BF1-4C94-8E2F-9002722B7FD7}.Release|Any CPU.Build.0 = Release|Any CPU
		{2123D7A7-FE99-4BE4-AA77-7CA53F8B2DAF}.Debug|Any CPU.ActiveCfg = Debug|Any CPU
		{2123D7A7-FE99-4BE4-AA77-7CA53F8B2DAF}.Debug|Any CPU.Build.0 = Debug|Any CPU
		{2123D7A7-FE99-4BE4-AA77-7CA53F8B2DAF}.Release|Any CPU.ActiveCfg = Release|Any CPU
		{2123D7A7-FE99-4BE4-AA77-7CA53F8B2DAF}.Release|Any CPU.Build.0 = Release|Any CPU
		{49E16F90-20BA-4DEA-BF43-FEBA17A44755}.Debug|Any CPU.ActiveCfg = Debug|Any CPU
		{49E16F90-20BA-4DEA-BF43-FEBA17A44755}.Debug|Any CPU.Build.0 = Debug|Any CPU
		{49E16F90-20BA-4DEA-BF43-FEBA17A44755}.Release|Any CPU.ActiveCfg = Release|Any CPU
		{49E16F90-20BA-4DEA-BF43-FEBA17A44755}.Release|Any CPU.Build.0 = Release|Any CPU
		{898AD059-8D29-494B-B660-6C82D21B96A7}.Debug|Any CPU.ActiveCfg = Debug|Any CPU
		{898AD059-8D29-494B-B660-6C82D21B96A7}.Debug|Any CPU.Build.0 = Debug|Any CPU
		{898AD059-8D29-494B-B660-6C82D21B96A7}.Release|Any CPU.ActiveCfg = Release|Any CPU
		{898AD059-8D29-494B-B660-6C82D21B96A7}.Release|Any CPU.Build.0 = Release|Any CPU
		{09E151BB-991F-4066-9AEB-C71B6E0E1B33}.Debug|Any CPU.ActiveCfg = Debug|Any CPU
		{09E151BB-991F-4066-9AEB-C71B6E0E1B33}.Debug|Any CPU.Build.0 = Debug|Any CPU
		{09E151BB-991F-4066-9AEB-C71B6E0E1B33}.Release|Any CPU.ActiveCfg = Release|Any CPU
		{09E151BB-991F-4066-9AEB-C71B6E0E1B33}.Release|Any CPU.Build.0 = Release|Any CPU
		{F049F53E-4E6D-4E3D-AB6A-2E8E33DBDF98}.Debug|Any CPU.ActiveCfg = Debug|Any CPU
		{F049F53E-4E6D-4E3D-AB6A-2E8E33DBDF98}.Debug|Any CPU.Build.0 = Debug|Any CPU
		{F049F53E-4E6D-4E3D-AB6A-2E8E33DBDF98}.Release|Any CPU.ActiveCfg = Release|Any CPU
		{F049F53E-4E6D-4E3D-AB6A-2E8E33DBDF98}.Release|Any CPU.Build.0 = Release|Any CPU
		{B072374B-F067-46FB-BAE9-9F4ECB266F84}.Debug|Any CPU.ActiveCfg = Debug|Any CPU
		{B072374B-F067-46FB-BAE9-9F4ECB266F84}.Debug|Any CPU.Build.0 = Debug|Any CPU
		{B072374B-F067-46FB-BAE9-9F4ECB266F84}.Release|Any CPU.ActiveCfg = Release|Any CPU
		{B072374B-F067-46FB-BAE9-9F4ECB266F84}.Release|Any CPU.Build.0 = Release|Any CPU
		{81A93774-E352-474F-89AA-A708C50D5EAC}.Debug|Any CPU.ActiveCfg = Debug|Any CPU
		{81A93774-E352-474F-89AA-A708C50D5EAC}.Debug|Any CPU.Build.0 = Debug|Any CPU
		{81A93774-E352-474F-89AA-A708C50D5EAC}.Release|Any CPU.ActiveCfg = Release|Any CPU
		{81A93774-E352-474F-89AA-A708C50D5EAC}.Release|Any CPU.Build.0 = Release|Any CPU
		{A8DCCAEB-F199-437F-B2AA-CBE8EB96C9F4}.Debug|Any CPU.ActiveCfg = Debug|Any CPU
		{A8DCCAEB-F199-437F-B2AA-CBE8EB96C9F4}.Debug|Any CPU.Build.0 = Debug|Any CPU
		{A8DCCAEB-F199-437F-B2AA-CBE8EB96C9F4}.Release|Any CPU.ActiveCfg = Release|Any CPU
		{A8DCCAEB-F199-437F-B2AA-CBE8EB96C9F4}.Release|Any CPU.Build.0 = Release|Any CPU
		{B0BAD861-FB21-4B4B-B325-3076B5E19D91}.Debug|Any CPU.ActiveCfg = Debug|Any CPU
		{B0BAD861-FB21-4B4B-B325-3076B5E19D91}.Debug|Any CPU.Build.0 = Debug|Any CPU
		{B0BAD861-FB21-4B4B-B325-3076B5E19D91}.Release|Any CPU.ActiveCfg = Release|Any CPU
		{B0BAD861-FB21-4B4B-B325-3076B5E19D91}.Release|Any CPU.Build.0 = Release|Any CPU
		{3BD3BCF6-76CE-4796-B14F-F98D6EA51DFE}.Debug|Any CPU.ActiveCfg = Debug|Any CPU
		{3BD3BCF6-76CE-4796-B14F-F98D6EA51DFE}.Debug|Any CPU.Build.0 = Debug|Any CPU
		{3BD3BCF6-76CE-4796-B14F-F98D6EA51DFE}.Release|Any CPU.ActiveCfg = Release|Any CPU
		{3BD3BCF6-76CE-4796-B14F-F98D6EA51DFE}.Release|Any CPU.Build.0 = Release|Any CPU
		{2D797160-A961-4D61-BCDF-63378DF5F447}.Debug|Any CPU.ActiveCfg = Debug|Any CPU
		{2D797160-A961-4D61-BCDF-63378DF5F447}.Debug|Any CPU.Build.0 = Debug|Any CPU
		{2D797160-A961-4D61-BCDF-63378DF5F447}.Release|Any CPU.ActiveCfg = Release|Any CPU
		{2D797160-A961-4D61-BCDF-63378DF5F447}.Release|Any CPU.Build.0 = Release|Any CPU
		{02974507-8608-4D99-AE1F-0CD18A84E8D7}.Debug|Any CPU.ActiveCfg = Debug|Any CPU
		{02974507-8608-4D99-AE1F-0CD18A84E8D7}.Debug|Any CPU.Build.0 = Debug|Any CPU
		{02974507-8608-4D99-AE1F-0CD18A84E8D7}.Release|Any CPU.ActiveCfg = Release|Any CPU
		{02974507-8608-4D99-AE1F-0CD18A84E8D7}.Release|Any CPU.Build.0 = Release|Any CPU
		{E40746D8-3874-49B5-BB5C-D13F303B2578}.Debug|Any CPU.ActiveCfg = Debug|Any CPU
		{E40746D8-3874-49B5-BB5C-D13F303B2578}.Debug|Any CPU.Build.0 = Debug|Any CPU
		{E40746D8-3874-49B5-BB5C-D13F303B2578}.Release|Any CPU.ActiveCfg = Release|Any CPU
		{E40746D8-3874-49B5-BB5C-D13F303B2578}.Release|Any CPU.Build.0 = Release|Any CPU
	EndGlobalSection
	GlobalSection(SolutionProperties) = preSolution
		HideSolutionNode = FALSE
	EndGlobalSection
	GlobalSection(ExtensibilityGlobals) = postSolution
		SolutionGuid = {BE7BBF4B-028B-4130-AB66-28E2A7C06C8D}
	EndGlobalSection
EndGlobal
